// !$*UTF8*$!
{
	archiveVersion = 1;
	classes = {
	};
	objectVersion = 50;
	objects = {

/* Begin PBXBuildFile section */
		F239686B23DBB49F007CB114 /* AppDelegate.swift in Sources */ = {isa = PBXBuildFile; fileRef = F239686A23DBB49F007CB114 /* AppDelegate.swift */; };
		F239686D23DBB49F007CB114 /* SceneDelegate.swift in Sources */ = {isa = PBXBuildFile; fileRef = F239686C23DBB49F007CB114 /* SceneDelegate.swift */; };
		F239686F23DBB49F007CB114 /* MasterViewController.swift in Sources */ = {isa = PBXBuildFile; fileRef = F239686E23DBB49F007CB114 /* MasterViewController.swift */; };
		F239687123DBB49F007CB114 /* DetailViewController.swift in Sources */ = {isa = PBXBuildFile; fileRef = F239687023DBB49F007CB114 /* DetailViewController.swift */; };
		F239687423DBB49F007CB114 /* Main.storyboard in Resources */ = {isa = PBXBuildFile; fileRef = F239687223DBB49F007CB114 /* Main.storyboard */; };
		F239687623DBB49F007CB114 /* Assets.xcassets in Resources */ = {isa = PBXBuildFile; fileRef = F239687523DBB49F007CB114 /* Assets.xcassets */; };
		F239687923DBB49F007CB114 /* LaunchScreen.storyboard in Resources */ = {isa = PBXBuildFile; fileRef = F239687723DBB49F007CB114 /* LaunchScreen.storyboard */; };
		F239688223DBB55C007CB114 /* ProductModel.xcdatamodeld in Sources */ = {isa = PBXBuildFile; fileRef = F239688023DBB55C007CB114 /* ProductModel.xcdatamodeld */; };
		F239688423DBB5EA007CB114 /* Product.swift in Sources */ = {isa = PBXBuildFile; fileRef = F239688323DBB5EA007CB114 /* Product.swift */; };
/* End PBXBuildFile section */

/* Begin PBXFileReference section */
		F239686723DBB49F007CB114 /* Parth_C0766346_FinalLA.app */ = {isa = PBXFileReference; explicitFileType = wrapper.application; includeInIndex = 0; path = Parth_C0766346_FinalLA.app; sourceTree = BUILT_PRODUCTS_DIR; };
		F239686A23DBB49F007CB114 /* AppDelegate.swift */ = {isa = PBXFileReference; lastKnownFileType = sourcecode.swift; path = AppDelegate.swift; sourceTree = "<group>"; };
		F239686C23DBB49F007CB114 /* SceneDelegate.swift */ = {isa = PBXFileReference; lastKnownFileType = sourcecode.swift; path = SceneDelegate.swift; sourceTree = "<group>"; };
		F239686E23DBB49F007CB114 /* MasterViewController.swift */ = {isa = PBXFileReference; lastKnownFileType = sourcecode.swift; path = MasterViewController.swift; sourceTree = "<group>"; };
		F239687023DBB49F007CB114 /* DetailViewController.swift */ = {isa = PBXFileReference; lastKnownFileType = sourcecode.swift; path = DetailViewController.swift; sourceTree = "<group>"; };
		F239687323DBB49F007CB114 /* Base */ = {isa = PBXFileReference; lastKnownFileType = file.storyboard; name = Base; path = Base.lproj/Main.storyboard; sourceTree = "<group>"; };
		F239687523DBB49F007CB114 /* Assets.xcassets */ = {isa = PBXFileReference; lastKnownFileType = folder.assetcatalog; path = Assets.xcassets; sourceTree = "<group>"; };
		F239687823DBB49F007CB114 /* Base */ = {isa = PBXFileReference; lastKnownFileType = file.storyboard; name = Base; path = Base.lproj/LaunchScreen.storyboard; sourceTree = "<group>"; };
		F239687A23DBB49F007CB114 /* Info.plist */ = {isa = PBXFileReference; lastKnownFileType = text.plist.xml; path = Info.plist; sourceTree = "<group>"; };
		F239688123DBB55C007CB114 /* ProductModel.xcdatamodel */ = {isa = PBXFileReference; lastKnownFileType = wrapper.xcdatamodel; path = ProductModel.xcdatamodel; sourceTree = "<group>"; };
		F239688323DBB5EA007CB114 /* Product.swift */ = {isa = PBXFileReference; lastKnownFileType = sourcecode.swift; path = Product.swift; sourceTree = "<group>"; };
/* End PBXFileReference section */

/* Begin PBXFrameworksBuildPhase section */
		F239686423DBB49F007CB114 /* Frameworks */ = {
			isa = PBXFrameworksBuildPhase;
			buildActionMask = 2147483647;
			files = (
			);
			runOnlyForDeploymentPostprocessing = 0;
		};
/* End PBXFrameworksBuildPhase section */

/* Begin PBXGroup section */
		F239685E23DBB49F007CB114 = {
			isa = PBXGroup;
			children = (
				F239686923DBB49F007CB114 /* Parth_C0766346_FinalLA */,
				F239686823DBB49F007CB114 /* Products */,
			);
			sourceTree = "<group>";
		};
		F239686823DBB49F007CB114 /* Products */ = {
			isa = PBXGroup;
			children = (
				F239686723DBB49F007CB114 /* Parth_C0766346_FinalLA.app */,
			);
			name = Products;
			sourceTree = "<group>";
		};
		F239686923DBB49F007CB114 /* Parth_C0766346_FinalLA */ = {
			isa = PBXGroup;
			children = (
				F239686A23DBB49F007CB114 /* AppDelegate.swift */,
				F239686C23DBB49F007CB114 /* SceneDelegate.swift */,
				F239686E23DBB49F007CB114 /* MasterViewController.swift */,
				F239687023DBB49F007CB114 /* DetailViewController.swift */,
				F239687223DBB49F007CB114 /* Main.storyboard */,
				F239687523DBB49F007CB114 /* Assets.xcassets */,
				F239687723DBB49F007CB114 /* LaunchScreen.storyboard */,
				F239687A23DBB49F007CB114 /* Info.plist */,
				F239688023DBB55C007CB114 /* ProductModel.xcdatamodeld */,
				F239688323DBB5EA007CB114 /* Product.swift */,
			);
			path = Parth_C0766346_FinalLA;
			sourceTree = "<group>";
		};
/* End PBXGroup section */

/* Begin PBXNativeTarget section */
		F239686623DBB49F007CB114 /* Parth_C0766346_FinalLA */ = {
			isa = PBXNativeTarget;
			buildConfigurationList = F239687D23DBB49F007CB114 /* Build configuration list for PBXNativeTarget "Parth_C0766346_FinalLA" */;
			buildPhases = (
				F239686323DBB49F007CB114 /* Sources */,
				F239686423DBB49F007CB114 /* Frameworks */,
				F239686523DBB49F007CB114 /* Resources */,
			);
			buildRules = (
			);
			dependencies = (
			);
			name = Parth_C0766346_FinalLA;
			productName = Parth_C0766346_FinalLA;
			productReference = F239686723DBB49F007CB114 /* Parth_C0766346_FinalLA.app */;
			productType = "com.apple.product-type.application";
		};
/* End PBXNativeTarget section */

/* Begin PBXProject section */
		F239685F23DBB49F007CB114 /* Project object */ = {
			isa = PBXProject;
			attributes = {
				LastSwiftUpdateCheck = 1130;
				LastUpgradeCheck = 1130;
				ORGANIZATIONNAME = "Parth Dalwadi";
				TargetAttributes = {
					F239686623DBB49F007CB114 = {
						CreatedOnToolsVersion = 11.3.1;
					};
				};
			};
			buildConfigurationList = F239686223DBB49F007CB114 /* Build configuration list for PBXProject "Parth_C0766346_FinalLA" */;
			compatibilityVersion = "Xcode 9.3";
			developmentRegion = en;
			hasScannedForEncodings = 0;
			knownRegions = (
				en,
				Base,
			);
			mainGroup = F239685E23DBB49F007CB114;
			productRefGroup = F239686823DBB49F007CB114 /* Products */;
			projectDirPath = "";
			projectRoot = "";
			targets = (
				F239686623DBB49F007CB114 /* Parth_C0766346_FinalLA */,
			);
		};
/* End PBXProject section */

/* Begin PBXResourcesBuildPhase section */
		F239686523DBB49F007CB114 /* Resources */ = {
			isa = PBXResourcesBuildPhase;
			buildActionMask = 2147483647;
			files = (
				F239687923DBB49F007CB114 /* LaunchScreen.storyboard in Resources */,
				F239687623DBB49F007CB114 /* Assets.xcassets in Resources */,
				F239687423DBB49F007CB114 /* Main.storyboard in Resources */,
			);
			runOnlyForDeploymentPostprocessing = 0;
		};
/* End PBXResourcesBuildPhase section */

/* Begin PBXSourcesBuildPhase section */
		F239686323DBB49F007CB114 /* Sources */ = {
			isa = PBXSourcesBuildPhase;
			buildActionMask = 2147483647;
			files = (
				F239686B23DBB49F007CB114 /* AppDelegate.swift in Sources */,
				F239686D23DBB49F007CB114 /* SceneDelegate.swift in Sources */,
				F239686F23DBB49F007CB114 /* MasterViewController.swift in Sources */,
				F239688223DBB55C007CB114 /* ProductModel.xcdatamodeld in Sources */,
				F239687123DBB49F007CB114 /* DetailViewController.swift in Sources */,
				F239688423DBB5EA007CB114 /* Product.swift in Sources */,
			);
			runOnlyForDeploymentPostprocessing = 0;
		};
/* End PBXSourcesBuildPhase section */

/* Begin PBXVariantGroup section */
		F239687223DBB49F007CB114 /* Main.storyboard */ = {
			isa = PBXVariantGroup;
			children = (
				F239687323DBB49F007CB114 /* Base */,
			);
			name = Main.storyboard;
			sourceTree = "<group>";
		};
		F239687723DBB49F007CB114 /* LaunchScreen.storyboard */ = {
			isa = PBXVariantGroup;
			children = (
				F239687823DBB49F007CB114 /* Base */,
			);
			name = LaunchScreen.storyboard;
			sourceTree = "<group>";
		};
/* End PBXVariantGroup section */

/* Begin XCBuildConfiguration section */
		F239687B23DBB49F007CB114 /* Debug */ = {
			isa = XCBuildConfiguration;
			buildSettings = {
				ALWAYS_SEARCH_USER_PATHS = NO;
				CLANG_ANALYZER_NONNULL = YES;
				CLANG_ANALYZER_NUMBER_OBJECT_CONVERSION = YES_AGGRESSIVE;
				CLANG_CXX_LANGUAGE_STANDARD = "gnu++14";
				CLANG_CXX_LIBRARY = "libc++";
				CLANG_ENABLE_MODULES = YES;
				CLANG_ENABLE_OBJC_ARC = YES;
				CLANG_ENABLE_OBJC_WEAK = YES;
				CLANG_WARN_BLOCK_CAPTURE_AUTORELEASING = YES;
				CLANG_WARN_BOOL_CONVERSION = YES;
				CLANG_WARN_COMMA = YES;
				CLANG_WARN_CONSTANT_CONVERSION = YES;
				CLANG_WARN_DEPRECATED_OBJC_IMPLEMENTATIONS = YES;
				CLANG_WARN_DIRECT_OBJC_ISA_USAGE = YES_ERROR;
				CLANG_WARN_DOCUMENTATION_COMMENTS = YES;
				CLANG_WARN_EMPTY_BODY = YES;
				CLANG_WARN_ENUM_CONVERSION = YES;
				CLANG_WARN_INFINITE_RECURSION = YES;
				CLANG_WARN_INT_CONVERSION = YES;
				CLANG_WARN_NON_LITERAL_NULL_CONVERSION = YES;
				CLANG_WARN_OBJC_IMPLICIT_RETAIN_SELF = YES;
				CLANG_WARN_OBJC_LITERAL_CONVERSION = YES;
				CLANG_WARN_OBJC_ROOT_CLASS = YES_ERROR;
				CLANG_WARN_RANGE_LOOP_ANALYSIS = YES;
				CLANG_WARN_STRICT_PROTOTYPES = YES;
				CLANG_WARN_SUSPICIOUS_MOVE = YES;
				CLANG_WARN_UNGUARDED_AVAILABILITY = YES_AGGRESSIVE;
				CLANG_WARN_UNREACHABLE_CODE = YES;
				CLANG_WARN__DUPLICATE_METHOD_MATCH = YES;
				COPY_PHASE_STRIP = NO;
				DEBUG_INFORMATION_FORMAT = dwarf;
				ENABLE_STRICT_OBJC_MSGSEND = YES;
				ENABLE_TESTABILITY = YES;
				GCC_C_LANGUAGE_STANDARD = gnu11;
				GCC_DYNAMIC_NO_PIC = NO;
				GCC_NO_COMMON_BLOCKS = YES;
				GCC_OPTIMIZATION_LEVEL = 0;
				GCC_PREPROCESSOR_DEFINITIONS = (
					"DEBUG=1",
					"$(inherited)",
				);
				GCC_WARN_64_TO_32_BIT_CONVERSION = YES;
				GCC_WARN_ABOUT_RETURN_TYPE = YES_ERROR;
				GCC_WARN_UNDECLARED_SELECTOR = YES;
				GCC_WARN_UNINITIALIZED_AUTOS = YES_AGGRESSIVE;
				GCC_WARN_UNUSED_FUNCTION = YES;
				GCC_WARN_UNUSED_VARIABLE = YES;
				IPHONEOS_DEPLOYMENT_TARGET = 13.2;
				MTL_ENABLE_DEBUG_INFO = INCLUDE_SOURCE;
				MTL_FAST_MATH = YES;
				ONLY_ACTIVE_ARCH = YES;
				SDKROOT = iphoneos;
				SWIFT_ACTIVE_COMPILATION_CONDITIONS = DEBUG;
				SWIFT_OPTIMIZATION_LEVEL = "-Onone";
			};
			name = Debug;
		};
		F239687C23DBB49F007CB114 /* Release */ = {
			isa = XCBuildConfiguration;
			buildSettings = {
				ALWAYS_SEARCH_USER_PATHS = NO;
				CLANG_ANALYZER_NONNULL = YES;
				CLANG_ANALYZER_NUMBER_OBJECT_CONVERSION = YES_AGGRESSIVE;
				CLANG_CXX_LANGUAGE_STANDARD = "gnu++14";
				CLANG_CXX_LIBRARY = "libc++";
				CLANG_ENABLE_MODULES = YES;
				CLANG_ENABLE_OBJC_ARC = YES;
				CLANG_ENABLE_OBJC_WEAK = YES;
				CLANG_WARN_BLOCK_CAPTURE_AUTORELEASING = YES;
				CLANG_WARN_BOOL_CONVERSION = YES;
				CLANG_WARN_COMMA = YES;
				CLANG_WARN_CONSTANT_CONVERSION = YES;
				CLANG_WARN_DEPRECATED_OBJC_IMPLEMENTATIONS = YES;
				CLANG_WARN_DIRECT_OBJC_ISA_USAGE = YES_ERROR;
				CLANG_WARN_DOCUMENTATION_COMMENTS = YES;
				CLANG_WARN_EMPTY_BODY = YES;
				CLANG_WARN_ENUM_CONVERSION = YES;
				CLANG_WARN_INFINITE_RECURSION = YES;
				CLANG_WARN_INT_CONVERSION = YES;
				CLANG_WARN_NON_LITERAL_NULL_CONVERSION = YES;
				CLANG_WARN_OBJC_IMPLICIT_RETAIN_SELF = YES;
				CLANG_WARN_OBJC_LITERAL_CONVERSION = YES;
				CLANG_WARN_OBJC_ROOT_CLASS = YES_ERROR;
				CLANG_WARN_RANGE_LOOP_ANALYSIS = YES;
				CLANG_WARN_STRICT_PROTOTYPES = YES;
				CLANG_WARN_SUSPICIOUS_MOVE = YES;
				CLANG_WARN_UNGUARDED_AVAILABILITY = YES_AGGRESSIVE;
				CLANG_WARN_UNREACHABLE_CODE = YES;
				CLANG_WARN__DUPLICATE_METHOD_MATCH = YES;
				COPY_PHASE_STRIP = NO;
				DEBUG_INFORMATION_FORMAT = "dwarf-with-dsym";
				ENABLE_NS_ASSERTIONS = NO;
				ENABLE_STRICT_OBJC_MSGSEND = YES;
				GCC_C_LANGUAGE_STANDARD = gnu11;
				GCC_NO_COMMON_BLOCKS = YES;
				GCC_WARN_64_TO_32_BIT_CONVERSION = YES;
				GCC_WARN_ABOUT_RETURN_TYPE = YES_ERROR;
				GCC_WARN_UNDECLARED_SELECTOR = YES;
				GCC_WARN_UNINITIALIZED_AUTOS = YES_AGGRESSIVE;
				GCC_WARN_UNUSED_FUNCTION = YES;
				GCC_WARN_UNUSED_VARIABLE = YES;
				IPHONEOS_DEPLOYMENT_TARGET = 13.2;
				MTL_ENABLE_DEBUG_INFO = NO;
				MTL_FAST_MATH = YES;
				SDKROOT = iphoneos;
				SWIFT_COMPILATION_MODE = wholemodule;
				SWIFT_OPTIMIZATION_LEVEL = "-O";
				VALIDATE_PRODUCT = YES;
			};
			name = Release;
		};
		F239687E23DBB49F007CB114 /* Debug */ = {
			isa = XCBuildConfiguration;
			buildSettings = {
				ASSETCATALOG_COMPILER_APPICON_NAME = AppIcon;
				CODE_SIGN_STYLE = Automatic;
				INFOPLIST_FILE = Parth_C0766346_FinalLA/Info.plist;
				LD_RUNPATH_SEARCH_PATHS = (
					"$(inherited)",
					"@executable_path/Frameworks",
				);
				PRODUCT_BUNDLE_IDENTIFIER = "LCIN.Parth-C0766346-FinalLA";
				PRODUCT_NAME = "$(TARGET_NAME)";
				SWIFT_VERSION = 5.0;
				TARGETED_DEVICE_FAMILY = "1,2";
			};
			name = Debug;
		};
		F239687F23DBB49F007CB114 /* Release */ = {
			isa = XCBuildConfiguration;
			buildSettings = {
				ASSETCATALOG_COMPILER_APPICON_NAME = AppIcon;
				CODE_SIGN_STYLE = Automatic;
				INFOPLIST_FILE = Parth_C0766346_FinalLA/Info.plist;
				LD_RUNPATH_SEARCH_PATHS = (
					"$(inherited)",
					"@executable_path/Frameworks",
				);
				PRODUCT_BUNDLE_IDENTIFIER = "LCIN.Parth-C0766346-FinalLA";
				PRODUCT_NAME = "$(TARGET_NAME)";
				SWIFT_VERSION = 5.0;
				TARGETED_DEVICE_FAMILY = "1,2";
			};
			name = Release;
		};
/* End XCBuildConfiguration section */

/* Begin XCConfigurationList section */
		F239686223DBB49F007CB114 /* Build configuration list for PBXProject "Parth_C0766346_FinalLA" */ = {
			isa = XCConfigurationList;
			buildConfigurations = (
				F239687B23DBB49F007CB114 /* Debug */,
				F239687C23DBB49F007CB114 /* Release */,
			);
			defaultConfigurationIsVisible = 0;
			defaultConfigurationName = Release;
		};
		F239687D23DBB49F007CB114 /* Build configuration list for PBXNativeTarget "Parth_C0766346_FinalLA" */ = {
			isa = XCConfigurationList;
			buildConfigurations = (
				F239687E23DBB49F007CB114 /* Debug */,
				F239687F23DBB49F007CB114 /* Release */,
			);
			defaultConfigurationIsVisible = 0;
			defaultConfigurationName = Release;
		};
/* End XCConfigurationList section */

/* Begin XCVersionGroup section */
		F239688023DBB55C007CB114 /* ProductModel.xcdatamodeld */ = {
			isa = XCVersionGroup;
			children = (
				F239688123DBB55C007CB114 /* ProductModel.xcdatamodel */,
			);
			currentVersion = F239688123DBB55C007CB114 /* ProductModel.xcdatamodel */;
			path = ProductModel.xcdatamodeld;
			sourceTree = "<group>";
			versionGroupType = wrapper.xcdatamodel;
		};
/* End XCVersionGroup section */
	};
	rootObject = F239685F23DBB49F007CB114 /* Project object */;
}
